%{
  "bunt": {:hex, :bunt, "0.2.0", "951c6e801e8b1d2cbe58ebbd3e616a869061ddadcc4863d0a2182541acae9a38", [:mix], [], "hexpm", "7af5c7e09fe1d40f76c8e4f9dd2be7cebd83909f31fee7cd0e9eadc567da8353"},
  "castore": {:hex, :castore, "0.1.8", "1b61eaba71bb755b756ac42d4741f4122f8beddb92456a84126d6177ec0af1fc", [:mix], [], "hexpm", "23ab8305baadb057bc689adc0088309f808cb2247dc9a48b87849bb1d242bb6c"},
  "certifi": {:hex, :certifi, "2.4.2", "75424ff0f3baaccfd34b1214184b6ef616d89e420b258bb0a5ea7d7bc628f7f0", [:rebar3], [{:parse_trans, "~>3.3", [hex: :parse_trans, repo: "hexpm", optional: false]}], "hexpm", "01d479edba0569a7b7a2c8bf923feeb6dc6a358edc2965ef69aea9ba288bb243"},
  "credo": {:hex, :credo, "1.0.4", "d2214d4cc88c07f54004ffd5a2a27408208841be5eca9f5a72ce9e8e835f7ede", [:mix], [{:bunt, "~> 0.2.0", [hex: :bunt, repo: "hexpm", optional: false]}, {:jason, "~> 1.0", [hex: :jason, repo: "hexpm", optional: false]}], "hexpm", "5677ad2fe63bb01caab0ddc6e79d389c621cc3b64db6d8c1b09cf3f7b69c330f"},
  "dialyxir": {:hex, :dialyxir, "1.0.0-rc.6", "78e97d9c0ff1b5521dd68041193891aebebce52fc3b93463c0a6806874557d7d", [:mix], [{:erlex, "~> 0.2.1", [hex: :erlex, repo: "hexpm", optional: false]}], "hexpm", "49496d63267bc1a4614ffd5f67c45d9fc3ea62701a6797975bc98bc156d2763f"},
  "earmark": {:hex, :earmark, "1.3.5", "0db71c8290b5bc81cb0101a2a507a76dca659513984d683119ee722828b424f6", [:mix], [], "hexpm", "762b999fd414fb41e297944228aa1de2cd4a3876a07f968c8b11d1e9a2190d07"},
  "eliver": {:hex, :eliver, "2.0.3", "ddfb3a9e77028298dd8cb9d91bfe16a39db67a1f43830bb8f1c3ad085a9c96fe", [:mix], [{:enquirer, "~> 0.1.0", [hex: :enquirer, repo: "hexpm", optional: false]}], "hexpm", "bd2434db0bb850f2b304e77b29565646411235fadff89ad023787e6f52ce1e87"},
  "enquirer": {:hex, :enquirer, "0.1.0", "96ca1a330c919652db4baed6cf572d8c9957a8a305365c54490262c337996a18", [:mix], [], "hexpm", "59445208ad96171f10b2d21bc35032f6f7a49aa4cfd5d13d18f93730c49140bb"},
  "erlex": {:hex, :erlex, "0.2.4", "23791959df45fe8f01f388c6f7eb733cc361668cbeedd801bf491c55a029917b", [:mix], [], "hexpm", "4a12ebc7cd8f24f2d0fce93d279fa34eb5068e0e885bb841d558c4d83c52c439"},
  "ex_doc": {:hex, :ex_doc, "0.21.1", "5ac36660846967cd869255f4426467a11672fec3d8db602c429425ce5b613b90", [:mix], [{:earmark, "~> 1.3", [hex: :earmark, repo: "hexpm", optional: false]}, {:makeup_elixir, "~> 0.14", [hex: :makeup_elixir, repo: "hexpm", optional: false]}], "hexpm", "93d2fee94d2f88abf507628378371ea5fab08ed03fa59a6daa3d4469d9159ddd"},
  "excoveralls": {:hex, :excoveralls, "0.11.1", "dd677fbdd49114fdbdbf445540ec735808250d56b011077798316505064edb2c", [:mix], [{:hackney, "~> 1.0", [hex: :hackney, repo: "hexpm", optional: false]}, {:jason, "~> 1.0", [hex: :jason, repo: "hexpm", optional: false]}], "hexpm", "493daf5a2dd92d022a1c29e7edcc30f1bce1ffe10fb3690fac63889346d3af2f"},
  "fuzzyurl": {:hex, :fuzzyurl, "1.0.1", "389780519adccfc3582ecce8c6608c1619f029367abfdc9d4b6e46491d2fa8d5", [:mix], [], "hexpm", "337b532aec966078841e0d65c44081739b0b8c97ba3d87f06bd86758c6a27988"},
  "hackney": {:hex, :hackney, "1.14.3", "b5f6f5dcc4f1fba340762738759209e21914516df6be440d85772542d4a5e412", [:rebar3], [{:certifi, "2.4.2", [hex: :certifi, repo: "hexpm", optional: false]}, {:idna, "6.0.0", [hex: :idna, repo: "hexpm", optional: false]}, {:metrics, "1.0.1", [hex: :metrics, repo: "hexpm", optional: false]}, {:mimerl, "1.0.2", [hex: :mimerl, repo: "hexpm", optional: false]}, {:ssl_verify_fun, "1.1.4", [hex: :ssl_verify_fun, repo: "hexpm", optional: false]}], "hexpm", "ed15491f324aa0e95647dca8ef4340418dac479d1204d57e455d52dcfba3f705"},
  "idna": {:hex, :idna, "6.0.0", "689c46cbcdf3524c44d5f3dde8001f364cd7608a99556d8fbd8239a5798d4c10", [:rebar3], [{:unicode_util_compat, "0.4.1", [hex: :unicode_util_compat, repo: "hexpm", optional: false]}], "hexpm", "4bdd305eb64e18b0273864920695cb18d7a2021f31a11b9c5fbcd9a253f936e2"},
  "inch_ex": {:hex, :inch_ex, "2.0.0", "24268a9284a1751f2ceda569cd978e1fa394c977c45c331bb52a405de544f4de", [:mix], [{:bunt, "~> 0.2", [hex: :bunt, repo: "hexpm", optional: false]}, {:jason, "~> 1.0", [hex: :jason, repo: "hexpm", optional: false]}], "hexpm", "96d0ec5ecac8cf63142d02f16b7ab7152cf0f0f1a185a80161b758383c9399a8"},
  "jason": {:hex, :jason, "1.1.2", "b03dedea67a99223a2eaf9f1264ce37154564de899fd3d8b9a21b1a6fd64afe7", [:mix], [{:decimal, "~> 1.0", [hex: :decimal, repo: "hexpm", optional: true]}], "hexpm", "fdf843bca858203ae1de16da2ee206f53416bbda5dc8c9e78f43243de4bc3afe"},
  "junit_formatter": {:hex, :junit_formatter, "3.0.1", "4ed76a50886717a6d683a978cec775abdcb88d9d51cfddd3d8fbf8e6af4625da", [:mix], [], "hexpm", "55ba8f459c0d2568bb6ca7c44f1b1384194773fce4d8bc99454fa40320664af9"},
  "makeup": {:hex, :makeup, "1.0.0", "671df94cf5a594b739ce03b0d0316aa64312cee2574b6a44becb83cd90fb05dc", [:mix], [{:nimble_parsec, "~> 0.5.0", [hex: :nimble_parsec, repo: "hexpm", optional: false]}], "hexpm", "a10c6eb62cca416019663129699769f0c2ccf39428b3bb3c0cb38c718a0c186d"},
  "makeup_elixir": {:hex, :makeup_elixir, "0.14.0", "cf8b7c66ad1cff4c14679698d532f0b5d45a3968ffbcbfd590339cb57742f1ae", [:mix], [{:makeup, "~> 1.0", [hex: :makeup, repo: "hexpm", optional: false]}], "hexpm", "d4b316c7222a85bbaa2fd7c6e90e37e953257ad196dc229505137c5e505e9eff"},
  "metrics": {:hex, :metrics, "1.0.1", "25f094dea2cda98213cecc3aeff09e940299d950904393b2a29d191c346a8486", [:rebar3], [], "hexpm", "69b09adddc4f74a40716ae54d140f93beb0fb8978d8636eaded0c31b6f099f16"},
  "mime": {:hex, :mime, "1.3.1", "30ce04ab3175b6ad0bdce0035cba77bba68b813d523d1aac73d9781b4d193cf8", [:mix], [], "hexpm", "6cbe761d6a0ca5a31a0931bf4c63204bceb64538e664a8ecf784a9a6f3b875f1"},
  "mimerl": {:hex, :mimerl, "1.0.2", "993f9b0e084083405ed8252b99460c4f0563e41729ab42d9074fd5e52439be88", [:rebar3], [], "hexpm", "7a4c8e1115a2732a67d7624e28cf6c9f30c66711a9e92928e745c255887ba465"},
  "mint": {:hex, :mint, "1.2.0", "65e9d75c60c456a5fb1b800febb88f061f56157d103d755b99fcaeaeb3e956f3", [:mix], [{:castore, "~> 0.1.0", [hex: :castore, repo: "hexpm", optional: true]}], "hexpm", "19cbb3a5be91b7df4a35377ba94b26199481a541add055cf5d1d4299b55125ab"},
  "mojito": {:hex, :mojito, "0.7.6", "e9447d72cb7679d545546854bbdaad85c7ab45758cd6e6edb3125920f195a9ad", [:mix], [{:castore, "~> 0.1", [hex: :castore, repo: "hexpm", optional: false]}, {:mint, "~> 1.1", [hex: :mint, repo: "hexpm", optional: false]}, {:poolboy, "~> 1.5", [hex: :poolboy, repo: "hexpm", optional: false]}], "hexpm", "7a03fd4f972beebf18ac98788e6a3da0387b85b2fea353090cbc8173206867f2"},
  "mox": {:hex, :mox, "0.5.1", "f86bb36026aac1e6f924a4b6d024b05e9adbed5c63e8daa069bd66fb3292165b", [:mix], [], "hexpm", "052346cf322311c49a0f22789f3698eea030eec09b8c47367f0686ef2634ae14"},
  "murmur": {:hex, :murmur, "1.0.1", "a6e6bced2dd0d666090a9cf3e73699f3b9176bbcf32d35b0f022f137667608e3", [:mix], [], "hexpm", "1303e80b1a5514a8afe0baf4241903ae31e3ba8b7e9e7c2219a668c065a691a6"},
  "nimble_parsec": {:hex, :nimble_parsec, "0.5.1", "c90796ecee0289dbb5ad16d3ad06f957b0cd1199769641c961cfe0b97db190e0", [:mix], [], "hexpm", "00e3ebdc821fb3a36957320d49e8f4bfa310d73ea31c90e5f925dc75e030da8f"},
  "parse_trans": {:hex, :parse_trans, "3.3.0", "09765507a3c7590a784615cfd421d101aec25098d50b89d7aa1d66646bc571c1", [:rebar3], [], "hexpm", "17ef63abde837ad30680ea7f857dd9e7ced9476cdd7b0394432af4bfc241b960"},
  "phoenix_gon": {:hex, :phoenix_gon, "0.4.0", "ff67988ccd412f1cc04f095c8f0553915a4c8d2b50959db773b9da9f0cf23cb3", [:mix], [{:phoenix_html, "~> 2.7", [hex: :phoenix_html, repo: "hexpm", optional: false]}, {:plug, "~> 1.0", [hex: :plug, repo: "hexpm", optional: false]}, {:poison, "~> 3.0", [hex: :poison, repo: "hexpm", optional: false]}], "hexpm", "21a14f2cf3e07be9ec265e169f45fdf19ab04aa9f19d0b9089a31aa8d3107fd7"},
  "phoenix_html": {:hex, :phoenix_html, "2.13.3", "850e292ff6e204257f5f9c4c54a8cb1f6fbc16ed53d360c2b780a3d0ba333867", [:mix], [{:plug, "~> 1.5", [hex: :plug, repo: "hexpm", optional: false]}], "hexpm", "8b01b3d6d39731ab18aa548d928b5796166d2500755f553725cfe967bafba7d9"},
  "plug": {:hex, :plug, "1.8.3", "12d5f9796dc72e8ac9614e94bda5e51c4c028d0d428e9297650d09e15a684478", [:mix], [{:mime, "~> 1.0", [hex: :mime, repo: "hexpm", optional: false]}, {:plug_crypto, "~> 1.0", [hex: :plug_crypto, repo: "hexpm", optional: false]}, {:telemetry, "~> 0.4", [hex: :telemetry, repo: "hexpm", optional: true]}], "hexpm", "164baaeb382d19beee0ec484492aa82a9c8685770aee33b24ec727a0971b34d0"},
  "plug_crypto": {:hex, :plug_crypto, "1.0.0", "18e49317d3fa343f24620ed22795ec29d4a5e602d52d1513ccea0b07d8ea7d4d", [:mix], [], "hexpm", "73c1682f0e414cfb5d9b95c8e8cd6ffcfdae699e3b05e1db744e58b7be857759"},
  "poison": {:hex, :poison, "3.1.0", "d9eb636610e096f86f25d9a46f35a9facac35609a7591b3be3326e99a0484665", [:mix], [], "hexpm", "fec8660eb7733ee4117b85f55799fd3833eb769a6df71ccf8903e8dc5447cfce"},
  "poolboy": {:hex, :poolboy, "1.5.2", "392b007a1693a64540cead79830443abf5762f5d30cf50bc95cb2c1aaafa006b", [:rebar3], [], "hexpm", "dad79704ce5440f3d5a3681c8590b9dc25d1a561e8f5a9c995281012860901e3"},
  "recase": {:hex, :recase, "0.6.0", "1dd2dd2f4e06603b74977630e739f08b7fedbb9420cc14de353666c2fc8b99f4", [:mix], [], "hexpm", "8712e318420a228eb2e6366ada230148ed3a4316a798319edd5512f64d78c990"},
  "ssl_verify_fun": {:hex, :ssl_verify_fun, "1.1.4", "f0eafff810d2041e93f915ef59899c923f4568f4585904d010387ed74988e77b", [:make, :mix, :rebar3], [], "hexpm", "603561dc0fd62f4f2ea9b890f4e20e1a0d388746d6e20557cafb1b16950de88c"},
  "stream_data": {:hex, :stream_data, "0.4.3", "62aafd870caff0849a5057a7ec270fad0eb86889f4d433b937d996de99e3db25", [:mix], [], "hexpm", "7dafd5a801f0bc897f74fcd414651632b77ca367a7ae4568778191fc3bf3a19a"},
  "tesla": {:hex, :tesla, "1.2.1", "864783cc27f71dd8c8969163704752476cec0f3a51eb3b06393b3971dc9733ff", [:mix], [{:exjsx, ">= 3.0.0", [hex: :exjsx, repo: "hexpm", optional: true]}, {:fuse, "~> 2.4", [hex: :fuse, repo: "hexpm", optional: true]}, {:hackney, "~> 1.6", [hex: :hackney, repo: "hexpm", optional: true]}, {:ibrowse, "~> 4.4.0", [hex: :ibrowse, repo: "hexpm", optional: true]}, {:jason, ">= 1.0.0", [hex: :jason, repo: "hexpm", optional: true]}, {:mime, "~> 1.0", [hex: :mime, repo: "hexpm", optional: false]}, {:poison, ">= 1.0.0", [hex: :poison, repo: "hexpm", optional: true]}], "hexpm"},
  "unicode_util_compat": {:hex, :unicode_util_compat, "0.4.1", "d869e4c68901dd9531385bb0c8c40444ebf624e60b6962d95952775cac5e90cd", [:rebar3], [], "hexpm", "1d1848c40487cdb0b30e8ed975e34e025860c02e419cb615d255849f3427439d"},
}
